{
  "nodes": {
    "algebra-simple": {
      "inputs": {
        "flake-parts": [
          "flake-parts"
        ],
        "nix-hs-utils": [
          "nix-hs-utils"
        ],
        "nixpkgs": [
          "nixpkgs"
        ]
      },
      "locked": {
        "lastModified": 1716375788,
        "narHash": "sha256-Np/Zk1CRUpWcwN7nwh414/689mGSNTXldHcjTWj+YzA=",
        "owner": "tbidne",
        "repo": "algebra-simple",
        "rev": "f8590486ec0fc66acf7db20308e1ed6993a52151",
        "type": "github"
      },
      "original": {
        "owner": "tbidne",
        "repo": "algebra-simple",
        "type": "github"
      }
    },
    "bounds": {
      "inputs": {
        "flake-parts": [
          "flake-parts"
        ],
        "nix-hs-utils": [
          "nix-hs-utils"
        ],
        "nixpkgs": [
          "nixpkgs"
        ]
      },
      "locked": {
        "lastModified": 1716375824,
        "narHash": "sha256-WG9ldBj1COftpPleldonF1f+dBJ5ojmlL84ZpTq9i1U=",
        "owner": "tbidne",
        "repo": "bounds",
        "rev": "f93b202c9d154b25b42b048570cf6648451aa577",
        "type": "github"
      },
      "original": {
        "owner": "tbidne",
        "repo": "bounds",
        "type": "github"
      }
    },
    "exception-utils": {
      "inputs": {
        "flake-parts": [
          "flake-parts"
        ],
        "nix-hs-utils": [
          "nix-hs-utils"
        ],
        "nixpkgs": [
          "nixpkgs"
        ]
      },
      "locked": {
        "lastModified": 1730335978,
        "narHash": "sha256-kn8ip6G4CoB38P7vEzm71u126FOTlO1NCA5mMNpQ4AA=",
        "owner": "tbidne",
        "repo": "exception-utils",
        "rev": "9ecb81e4a16f62736dbe7f90cb1983e7212b0c0f",
        "type": "github"
      },
      "original": {
        "owner": "tbidne",
        "repo": "exception-utils",
        "type": "github"
      }
    },
    "flake-parts": {
      "inputs": {
        "nixpkgs-lib": "nixpkgs-lib"
      },
      "locked": {
        "lastModified": 1715865404,
        "narHash": "sha256-/GJvTdTpuDjNn84j82cU6bXztE0MSkdnTWClUCRub78=",
        "owner": "hercules-ci",
        "repo": "flake-parts",
        "rev": "8dc45382d5206bd292f9c2768b8058a8fd8311d9",
        "type": "github"
      },
      "original": {
        "owner": "hercules-ci",
        "repo": "flake-parts",
        "type": "github"
      }
    },
    "fs-utils": {
      "inputs": {
        "flake-parts": [
          "flake-parts"
        ],
        "nix-hs-utils": [
          "nix-hs-utils"
        ],
        "nixpkgs": [
          "nixpkgs"
        ]
      },
      "locked": {
        "lastModified": 1730336874,
        "narHash": "sha256-EBwUo/4IR7ab7pfGDs6m0KDPFDh3uPmMyFVf+FVSMhU=",
        "owner": "tbidne",
        "repo": "fs-utils",
        "rev": "5406cea74491f382478e70734535c62fe6deef7d",
        "type": "github"
      },
      "original": {
        "owner": "tbidne",
        "repo": "fs-utils",
        "type": "github"
      }
    },
    "monad-effects": {
      "inputs": {
        "algebra-simple": [
          "algebra-simple"
        ],
        "bounds": [
          "bounds"
        ],
        "exception-utils": [
          "exception-utils"
        ],
        "flake-parts": [
          "flake-parts"
        ],
        "fs-utils": [
          "fs-utils"
        ],
        "nix-hs-utils": [
          "nix-hs-utils"
        ],
        "nixpkgs": [
          "nixpkgs"
        ],
        "smart-math": [
          "smart-math"
        ]
      },
      "locked": {
        "lastModified": 1732663456,
        "narHash": "sha256-w5iNu2DlPrVQvfJXW/n/NlmuE1/WTRH9hVQdicXbKJA=",
        "owner": "tbidne",
        "repo": "monad-effects",
        "rev": "7cc259bce3becc2c72bed1e8dd6f46ecc41efe70",
        "type": "github"
      },
      "original": {
        "owner": "tbidne",
        "repo": "monad-effects",
        "type": "github"
      }
    },
    "nix-hs-utils": {
      "locked": {
        "lastModified": 1730940071,
        "narHash": "sha256-jD05LQJNTRgqb2G2ejg+V28bmlAUW+QnX6gKTa9B80s=",
        "owner": "tbidne",
        "repo": "nix-hs-utils",
        "rev": "8df71273dac309aced37032f004dd9c0deb057de",
        "type": "github"
      },
      "original": {
        "owner": "tbidne",
        "repo": "nix-hs-utils",
        "type": "github"
      }
    },
    "nixpkgs": {
      "locked": {
        "lastModified": 1716293225,
        "narHash": "sha256-pU9ViBVE3XYb70xZx+jK6SEVphvt7xMTbm6yDIF4xPs=",
        "owner": "nixos",
        "repo": "nixpkgs",
        "rev": "3eaeaeb6b1e08a016380c279f8846e0bd8808916",
        "type": "github"
      },
      "original": {
        "owner": "nixos",
        "ref": "nixos-unstable",
        "repo": "nixpkgs",
        "type": "github"
      }
    },
    "nixpkgs-lib": {
      "locked": {
        "lastModified": 1714640452,
        "narHash": "sha256-QBx10+k6JWz6u7VsohfSw8g8hjdBZEf8CFzXH1/1Z94=",
        "type": "tarball",
        "url": "https://github.com/NixOS/nixpkgs/archive/50eb7ecf4cd0a5756d7275c8ba36790e5bd53e33.tar.gz"
      },
      "original": {
        "type": "tarball",
        "url": "https://github.com/NixOS/nixpkgs/archive/50eb7ecf4cd0a5756d7275c8ba36790e5bd53e33.tar.gz"
      }
    },
    "relative-time": {
      "inputs": {
        "algebra-simple": [
          "algebra-simple"
        ],
        "bounds": [
          "bounds"
        ],
        "flake-parts": [
          "flake-parts"
        ],
        "nix-hs-utils": [
          "nix-hs-utils"
        ],
        "nixpkgs": [
          "nixpkgs"
        ]
      },
      "locked": {
        "lastModified": 1716380580,
        "narHash": "sha256-Ieg0fGn3ooA356a2lDzfPNar0mm8/mlK6QPua/1X+oQ=",
        "owner": "tbidne",
        "repo": "relative-time",
        "rev": "b3be9b3b904059671ef07dbcbb11b8c04d50ddde",
        "type": "github"
      },
      "original": {
        "owner": "tbidne",
        "repo": "relative-time",
        "type": "github"
      }
    },
    "root": {
      "inputs": {
        "algebra-simple": "algebra-simple",
        "bounds": "bounds",
        "exception-utils": "exception-utils",
        "flake-parts": "flake-parts",
        "fs-utils": "fs-utils",
        "monad-effects": "monad-effects",
        "nix-hs-utils": "nix-hs-utils",
        "nixpkgs": "nixpkgs",
        "relative-time": "relative-time",
        "si-bytes": "si-bytes",
        "smart-math": "smart-math"
      }
    },
    "si-bytes": {
      "inputs": {
        "algebra-simple": [
          "algebra-simple"
        ],
        "bounds": [
          "bounds"
        ],
        "flake-parts": [
          "flake-parts"
        ],
        "nix-hs-utils": [
          "nix-hs-utils"
        ],
        "nixpkgs": [
          "nixpkgs"
        ]
      },
      "locked": {
        "lastModified": 1717687752,
        "narHash": "sha256-/h4pgMYj2bnMOpsnnQUBZGabVPpqwU4b+PrJ+R8eF1A=",
        "owner": "tbidne",
        "repo": "si-bytes",
        "rev": "df01a076966e7fe9af8cc49bb438078a14a8d951",
        "type": "github"
      },
      "original": {
        "owner": "tbidne",
        "repo": "si-bytes",
        "type": "github"
      }
    },
    "smart-math": {
      "inputs": {
        "algebra-simple": [
          "algebra-simple"
        ],
        "bounds": [
          "bounds"
        ],
        "flake-parts": [
          "flake-parts"
        ],
        "nix-hs-utils": [
          "nix-hs-utils"
        ],
        "nixpkgs": [
          "nixpkgs"
        ]
      },
      "locked": {
        "lastModified": 1716380345,
        "narHash": "sha256-IfpHT70aAUy507iZGaAWR04K4Lf7efFw2SjD28Cbu0o=",
        "owner": "tbidne",
        "repo": "smart-math",
        "rev": "9bd570201445904d12d0e0b792f171d02e6f361e",
        "type": "github"
      },
      "original": {
        "owner": "tbidne",
        "repo": "smart-math",
        "type": "github"
      }
    }
  },
  "root": "root",
  "version": 7
}
