{
  "nodes": {
    "algebra-simple-src": {
      "inputs": {
        "flake-utils": "flake-utils",
        "nixpkgs": "nixpkgs",
        "refined-extras-src": "refined-extras-src"
      },
      "locked": {
        "lastModified": 1644464665,
        "narHash": "sha256-i8LzBrvh8s2GN368xY4+ioWI+NK+mB3/VdXAuz8E5x8=",
        "owner": "tbidne",
        "repo": "algebra-simple",
        "rev": "39d6ab72a4b97085b34a597aaf9ce3acb4d6edd7",
        "type": "github"
      },
      "original": {
        "owner": "tbidne",
        "ref": "main",
        "repo": "algebra-simple",
        "type": "github"
      }
    },
    "flake-utils": {
      "locked": {
        "lastModified": 1644229661,
        "narHash": "sha256-1YdnJAsNy69bpcjuoKdOYQX0YxZBiCYZo4Twxerqv7k=",
        "owner": "numtide",
        "repo": "flake-utils",
        "rev": "3cecb5b042f7f209c56ffd8371b2711a290ec797",
        "type": "github"
      },
      "original": {
        "owner": "numtide",
        "repo": "flake-utils",
        "type": "github"
      }
    },
    "flake-utils_2": {
      "locked": {
        "lastModified": 1644229661,
        "narHash": "sha256-1YdnJAsNy69bpcjuoKdOYQX0YxZBiCYZo4Twxerqv7k=",
        "owner": "numtide",
        "repo": "flake-utils",
        "rev": "3cecb5b042f7f209c56ffd8371b2711a290ec797",
        "type": "github"
      },
      "original": {
        "owner": "numtide",
        "repo": "flake-utils",
        "type": "github"
      }
    },
    "flake-utils_3": {
      "locked": {
        "lastModified": 1644229661,
        "narHash": "sha256-1YdnJAsNy69bpcjuoKdOYQX0YxZBiCYZo4Twxerqv7k=",
        "owner": "numtide",
        "repo": "flake-utils",
        "rev": "3cecb5b042f7f209c56ffd8371b2711a290ec797",
        "type": "github"
      },
      "original": {
        "owner": "numtide",
        "repo": "flake-utils",
        "type": "github"
      }
    },
    "flake-utils_4": {
      "locked": {
        "lastModified": 1644229661,
        "narHash": "sha256-1YdnJAsNy69bpcjuoKdOYQX0YxZBiCYZo4Twxerqv7k=",
        "owner": "numtide",
        "repo": "flake-utils",
        "rev": "3cecb5b042f7f209c56ffd8371b2711a290ec797",
        "type": "github"
      },
      "original": {
        "owner": "numtide",
        "repo": "flake-utils",
        "type": "github"
      }
    },
    "nixpkgs": {
      "locked": {
        "lastModified": 1644359234,
        "narHash": "sha256-u/sBnRgrFrn9W8gZMS6vN3ZnJsoTvbws968TpqwlDJQ=",
        "owner": "nixos",
        "repo": "nixpkgs",
        "rev": "c5051e2b5fe9fab43a64f0e0d06b62c81a890b90",
        "type": "github"
      },
      "original": {
        "owner": "nixos",
        "ref": "nixos-unstable",
        "repo": "nixpkgs",
        "type": "github"
      }
    },
    "nixpkgs_2": {
      "locked": {
        "lastModified": 1644359234,
        "narHash": "sha256-u/sBnRgrFrn9W8gZMS6vN3ZnJsoTvbws968TpqwlDJQ=",
        "owner": "nixos",
        "repo": "nixpkgs",
        "rev": "c5051e2b5fe9fab43a64f0e0d06b62c81a890b90",
        "type": "github"
      },
      "original": {
        "owner": "nixos",
        "ref": "nixos-unstable",
        "repo": "nixpkgs",
        "type": "github"
      }
    },
    "nixpkgs_3": {
      "locked": {
        "lastModified": 1644033087,
        "narHash": "sha256-beskas17YPhrcnanzywake9/z+k+xOWmavW24YUN8ng=",
        "owner": "nixos",
        "repo": "nixpkgs",
        "rev": "9f697d60e4d9f08eacf549502528bfaed859d33b",
        "type": "github"
      },
      "original": {
        "owner": "nixos",
        "ref": "nixos-unstable",
        "repo": "nixpkgs",
        "type": "github"
      }
    },
    "nixpkgs_4": {
      "locked": {
        "lastModified": 1644359234,
        "narHash": "sha256-u/sBnRgrFrn9W8gZMS6vN3ZnJsoTvbws968TpqwlDJQ=",
        "owner": "nixos",
        "repo": "nixpkgs",
        "rev": "c5051e2b5fe9fab43a64f0e0d06b62c81a890b90",
        "type": "github"
      },
      "original": {
        "owner": "nixos",
        "ref": "nixos-unstable",
        "repo": "nixpkgs",
        "type": "github"
      }
    },
    "refined-extras-src": {
      "inputs": {
        "flake-utils": "flake-utils_2",
        "nixpkgs": "nixpkgs_2"
      },
      "locked": {
        "lastModified": 1644363746,
        "narHash": "sha256-D2Ko5WV00rcy4ElF+deWV0KFRU+lvRwB4l8PKlwIRrY=",
        "owner": "tbidne",
        "repo": "refined-extras",
        "rev": "4ea2733c40085529daeb1a6e7af9cab1d5c222d9",
        "type": "github"
      },
      "original": {
        "owner": "tbidne",
        "ref": "main",
        "repo": "refined-extras",
        "type": "github"
      }
    },
    "refined-extras-src_2": {
      "inputs": {
        "flake-utils": "flake-utils_4",
        "nixpkgs": "nixpkgs_4"
      },
      "locked": {
        "lastModified": 1644248184,
        "narHash": "sha256-urR2F1nZkpIcQhrFTGuSUNxZARuF581AndVxzX/GFn0=",
        "owner": "tbidne",
        "repo": "refined-extras",
        "rev": "5da72203aecd478c9787e8d53459568b08e08951",
        "type": "github"
      },
      "original": {
        "owner": "tbidne",
        "ref": "main",
        "repo": "refined-extras",
        "type": "github"
      }
    },
    "root": {
      "inputs": {
        "algebra-simple-src": "algebra-simple-src",
        "flake-utils": "flake-utils_3",
        "nixpkgs": "nixpkgs_3",
        "refined-extras-src": "refined-extras-src_2"
      }
    }
  },
  "root": "root",
  "version": 7
}
