{
  "nodes": {
    "algebra-simple-src": {
      "inputs": {
        "flake-utils": [
          "flake-utils"
        ],
        "nixpkgs": [
          "nixpkgs"
        ],
        "refined-extras-src": "refined-extras-src"
      },
      "locked": {
        "lastModified": 1644248788,
        "narHash": "sha256-DozQ1VopV57wokPrCOXAnP+zOaQLj7EkQxkfnzSleJU=",
        "owner": "tbidne",
        "repo": "algebra-simple",
        "rev": "0830f170d42abaea0ebb2c3007ddc865b1aa8fd3",
        "type": "github"
      },
      "original": {
        "owner": "tbidne",
        "ref": "main",
        "repo": "algebra-simple",
        "type": "github"
      }
    },
    "flake-utils": {
      "locked": {
        "lastModified": 1644229661,
        "narHash": "sha256-1YdnJAsNy69bpcjuoKdOYQX0YxZBiCYZo4Twxerqv7k=",
        "owner": "numtide",
        "repo": "flake-utils",
        "rev": "3cecb5b042f7f209c56ffd8371b2711a290ec797",
        "type": "github"
      },
      "original": {
        "owner": "numtide",
        "repo": "flake-utils",
        "type": "github"
      }
    },
    "nixpkgs": {
      "locked": {
        "lastModified": 1644033087,
        "narHash": "sha256-beskas17YPhrcnanzywake9/z+k+xOWmavW24YUN8ng=",
        "owner": "nixos",
        "repo": "nixpkgs",
        "rev": "9f697d60e4d9f08eacf549502528bfaed859d33b",
        "type": "github"
      },
      "original": {
        "owner": "nixos",
        "ref": "nixos-unstable",
        "repo": "nixpkgs",
        "type": "github"
      }
    },
    "refined-extras-src": {
      "inputs": {
        "flake-utils": [
          "algebra-simple-src",
          "flake-utils"
        ],
        "nixpkgs": [
          "algebra-simple-src",
          "nixpkgs"
        ]
      },
      "locked": {
        "lastModified": 1641712218,
        "narHash": "sha256-qKR2AMq4teRi+HjjoveencIyYHeYww7P8rpRf34wHdk=",
        "owner": "tbidne",
        "repo": "refined-extras",
        "rev": "31992227bdc3b193c32dfa97a8ca6a4af0c4a45b",
        "type": "github"
      },
      "original": {
        "owner": "tbidne",
        "ref": "main",
        "repo": "refined-extras",
        "type": "github"
      }
    },
    "refined-extras-src_2": {
      "inputs": {
        "flake-utils": [
          "flake-utils"
        ],
        "nixpkgs": [
          "nixpkgs"
        ]
      },
      "locked": {
        "lastModified": 1644248184,
        "narHash": "sha256-urR2F1nZkpIcQhrFTGuSUNxZARuF581AndVxzX/GFn0=",
        "owner": "tbidne",
        "repo": "refined-extras",
        "rev": "5da72203aecd478c9787e8d53459568b08e08951",
        "type": "github"
      },
      "original": {
        "owner": "tbidne",
        "ref": "main",
        "repo": "refined-extras",
        "type": "github"
      }
    },
    "root": {
      "inputs": {
        "algebra-simple-src": "algebra-simple-src",
        "flake-utils": "flake-utils",
        "nixpkgs": "nixpkgs",
        "refined-extras-src": "refined-extras-src_2"
      }
    }
  },
  "root": "root",
  "version": 7
}
