# This file was autogenerated by Stack.
# You should not edit this file by hand.
# For more information, please see the documentation at:
#   https://docs.haskellstack.org/en/stable/topics/lock_files

packages:
- completed:
    hackage: env-guard-0.2.1@sha256:f50499a07c5eddc8309b9896363e9861a28091f4f96254f9b76bc34426e25c79,1134
    pantry-tree:
      sha256: 07930d0a3b736f69019deff852c5ec031d2d7f159e2b72930908090371a73107
      size: 360
  original:
    hackage: env-guard-0.2.1@sha256:f50499a07c5eddc8309b9896363e9861a28091f4f96254f9b76bc34426e25c79,1134
- completed:
    hackage: gitrev-typed-0.1@sha256:905b696dec9c52486290cfef2d3156420de83f5b21bfb0821a37822f40ee1568,3783
    pantry-tree:
      sha256: d9aa23d85f9b5230458e035e52d1dbc676f762468c4a38e7be93dcac18b4029e
      size: 1663
  original:
    hackage: gitrev-typed-0.1@sha256:905b696dec9c52486290cfef2d3156420de83f5b21bfb0821a37822f40ee1568,3783
- completed:
    hackage: random-1.2.1.3@sha256:117541ba0a177397a3333f94870f789ef050dca31b0688a19824b2bc401b8823,6237
    pantry-tree:
      sha256: 79fdbb95ca2d108acb7b01903dbe288008cecbdc558105b7fdc095bfff7f3e09
      size: 1528
  original:
    hackage: random-1.2.1.3@sha256:117541ba0a177397a3333f94870f789ef050dca31b0688a19824b2bc401b8823,6237
- completed:
    commit: 37ec7127fbd0f591d4539e4bf72a0badd7569181
    git: https://github.com/tbidne/algebra-simple.git
    name: algebra-simple
    pantry-tree:
      sha256: 879b4397add8d76e697f03f4ab986d3125a72b773df88508a360db140adb459a
      size: 3909
    version: '0.1'
  original:
    commit: 37ec7127fbd0f591d4539e4bf72a0badd7569181
    git: https://github.com/tbidne/algebra-simple.git
- completed:
    commit: b7ca541cfdd8564bcebe5d38456fe7abf77885b8
    git: https://github.com/tbidne/bounds.git
    name: bounds
    pantry-tree:
      sha256: 809a408e9b84404268e9da1a5ea8a100f683fe17ba96185ee51b01ae570c1227
      size: 833
    version: '0.1'
  original:
    commit: b7ca541cfdd8564bcebe5d38456fe7abf77885b8
    git: https://github.com/tbidne/bounds.git
- completed:
    commit: 0929797ddb5d5326b175f1d3e96646d8095ad475
    git: https://github.com/tbidne/exception-utils.git
    name: exception-utils
    pantry-tree:
      sha256: 6d29a0aaf4066d65c6439b9b11d44ef7d1cc9234f5684e88e832c95e3d090036
      size: 1032
    version: '0.1'
  original:
    commit: 0929797ddb5d5326b175f1d3e96646d8095ad475
    git: https://github.com/tbidne/exception-utils.git
- completed:
    commit: 26136275027fd827574c5004ebd11b659d7abdab
    git: https://github.com/tbidne/fs-utils.git
    name: fs-utils
    pantry-tree:
      sha256: 493e755e1e9ffea4e744b647d1f003809f9d123171ef0583507c99a56b4861d1
      size: 1316
    version: '0.1'
  original:
    commit: 26136275027fd827574c5004ebd11b659d7abdab
    git: https://github.com/tbidne/fs-utils.git
- completed:
    commit: 4ead4daa45bf2011b8c38663a746455957b316f0
    git: https://github.com/tbidne/monad-effects.git
    name: effects-async
    pantry-tree:
      sha256: 8f8f6f2eab4aefc8e3b77c2b96b3a953314e9654d92944826a36351240e528a0
      size: 236
    subdir: lib/effects-async
    version: '0.1'
  original:
    commit: 4ead4daa45bf2011b8c38663a746455957b316f0
    git: https://github.com/tbidne/monad-effects.git
    subdir: lib/effects-async
- completed:
    commit: 4ead4daa45bf2011b8c38663a746455957b316f0
    git: https://github.com/tbidne/monad-effects.git
    name: effects-env
    pantry-tree:
      sha256: 980c63ee625a7a2836c774523dc97e21ac9c824f92474446d6c45c10d2498f2f
      size: 234
    subdir: lib/effects-env
    version: '0.1'
  original:
    commit: 4ead4daa45bf2011b8c38663a746455957b316f0
    git: https://github.com/tbidne/monad-effects.git
    subdir: lib/effects-env
- completed:
    commit: 4ead4daa45bf2011b8c38663a746455957b316f0
    git: https://github.com/tbidne/monad-effects.git
    name: effects-fs
    pantry-tree:
      sha256: bbd3f6df9975ff951b8ba2320c2837e773050be8eb13cdfaa9a448166ce3c5e3
      size: 1023
    subdir: lib/effects-fs
    version: '0.1'
  original:
    commit: 4ead4daa45bf2011b8c38663a746455957b316f0
    git: https://github.com/tbidne/monad-effects.git
    subdir: lib/effects-fs
- completed:
    commit: 4ead4daa45bf2011b8c38663a746455957b316f0
    git: https://github.com/tbidne/monad-effects.git
    name: effects-ioref
    pantry-tree:
      sha256: bb91127afa7f33d3fa06682bf136b3f558b59a87a564566df95455e004e70c14
      size: 223
    subdir: lib/effects-ioref
    version: '0.1'
  original:
    commit: 4ead4daa45bf2011b8c38663a746455957b316f0
    git: https://github.com/tbidne/monad-effects.git
    subdir: lib/effects-ioref
- completed:
    commit: 4ead4daa45bf2011b8c38663a746455957b316f0
    git: https://github.com/tbidne/monad-effects.git
    name: effects-optparse
    pantry-tree:
      sha256: 3425bfbb731937603794bf2bd4a92abcbd8938ab1fd86d0c8aa0dbd9dc7c304c
      size: 230
    subdir: lib/effects-optparse
    version: '0.1'
  original:
    commit: 4ead4daa45bf2011b8c38663a746455957b316f0
    git: https://github.com/tbidne/monad-effects.git
    subdir: lib/effects-optparse
- completed:
    commit: 4ead4daa45bf2011b8c38663a746455957b316f0
    git: https://github.com/tbidne/monad-effects.git
    name: effects-process
    pantry-tree:
      sha256: 0fc1cb37dca7b6a9b1e5f7cc9f80920975ef100cb2bb0d6e032b7e423353213c
      size: 235
    subdir: lib/effects-process
    version: '0.1'
  original:
    commit: 4ead4daa45bf2011b8c38663a746455957b316f0
    git: https://github.com/tbidne/monad-effects.git
    subdir: lib/effects-process
- completed:
    commit: 4ead4daa45bf2011b8c38663a746455957b316f0
    git: https://github.com/tbidne/monad-effects.git
    name: effects-stm
    pantry-tree:
      sha256: b202de56379a4dbae5bfca2bc132d024bbea9f82fd3cc5ba416b6979534ff1e9
      size: 230
    subdir: lib/effects-stm
    version: '0.1'
  original:
    commit: 4ead4daa45bf2011b8c38663a746455957b316f0
    git: https://github.com/tbidne/monad-effects.git
    subdir: lib/effects-stm
- completed:
    commit: 4ead4daa45bf2011b8c38663a746455957b316f0
    git: https://github.com/tbidne/monad-effects.git
    name: effects-time
    pantry-tree:
      sha256: 37d60899eb8c6fa9b7c68397778d203f7696a920bc7fe80d1b947deb8fdb0861
      size: 282
    subdir: lib/effects-time
    version: '0.1'
  original:
    commit: 4ead4daa45bf2011b8c38663a746455957b316f0
    git: https://github.com/tbidne/monad-effects.git
    subdir: lib/effects-time
- completed:
    commit: 4ead4daa45bf2011b8c38663a746455957b316f0
    git: https://github.com/tbidne/monad-effects.git
    name: effects-terminal
    pantry-tree:
      sha256: 39995adc0ebaa697ffc1a9e5a6c2a4be90ca69f6967b6bd78d65dec45fbd4e4c
      size: 237
    subdir: lib/effects-terminal
    version: '0.1'
  original:
    commit: 4ead4daa45bf2011b8c38663a746455957b316f0
    git: https://github.com/tbidne/monad-effects.git
    subdir: lib/effects-terminal
- completed:
    commit: 4ead4daa45bf2011b8c38663a746455957b316f0
    git: https://github.com/tbidne/monad-effects.git
    name: effects-thread
    pantry-tree:
      sha256: 8e1bd03beff0855b7201672220bcc0cfca171e9541a6f719649c69867c76dd7d
      size: 236
    subdir: lib/effects-thread
    version: '0.1'
  original:
    commit: 4ead4daa45bf2011b8c38663a746455957b316f0
    git: https://github.com/tbidne/monad-effects.git
    subdir: lib/effects-thread
- completed:
    commit: 4ead4daa45bf2011b8c38663a746455957b316f0
    git: https://github.com/tbidne/monad-effects.git
    name: effects-unix
    pantry-tree:
      sha256: 57a416bfba85f5aedc6c5ec2d9bc2eabb7902235801c68b4c7abfa7c31a26c47
      size: 435
    subdir: lib/effects-unix
    version: '0.1'
  original:
    commit: 4ead4daa45bf2011b8c38663a746455957b316f0
    git: https://github.com/tbidne/monad-effects.git
    subdir: lib/effects-unix
- completed:
    commit: be79249b8909dba64d3b301025d4d684f46ec2a1
    git: https://github.com/tbidne/relative-time.git
    name: relative-time
    pantry-tree:
      sha256: 04e4e50511bdb6401c80f880702243d2277574fa8abc7ffbaf1bbfd8de78bf29
      size: 783
    version: '0.1'
  original:
    commit: be79249b8909dba64d3b301025d4d684f46ec2a1
    git: https://github.com/tbidne/relative-time.git
- completed:
    commit: baf98b6945e32fc48b2e31e72ab3abaa966c4115
    git: https://github.com/tbidne/si-bytes.git
    name: si-bytes
    pantry-tree:
      sha256: e6a26703998d527f3e608f86320ef691bab5fbe3e096aa18a2ac7744315911ce
      size: 2992
    version: '0.1'
  original:
    commit: baf98b6945e32fc48b2e31e72ab3abaa966c4115
    git: https://github.com/tbidne/si-bytes.git
- completed:
    commit: 35a2790ae6ac67a14781df16678f920650b7e141
    git: https://github.com/tbidne/smart-math.git
    name: smart-math
    pantry-tree:
      sha256: ba0b7db53dce20cf7b1afdea44ec37382268241eea8e6a5413a003518ae3130d
      size: 4882
    version: '0.1'
  original:
    commit: 35a2790ae6ac67a14781df16678f920650b7e141
    git: https://github.com/tbidne/smart-math.git
snapshots:
- completed:
    sha256: cd7c0bda539e01dd990b90e13f3c82169c16e65052557cf49fdd93590c5a7931
    size: 692684
    url: https://raw.githubusercontent.com/commercialhaskell/stackage-snapshots/master/nightly/2025/9/16.yaml
  original: nightly-2025-09-16
