# This file was autogenerated by Stack.
# You should not edit this file by hand.
# For more information, please see the documentation at:
#   https://docs.haskellstack.org/en/stable/lock_files

packages:
- completed:
    hackage: env-guard-0.2@sha256:bac94c42908e5308ca6726a076ce49538d50d6fb9a01e1b68b4ac264cb435d39,1312
    pantry-tree:
      sha256: 0127bd98b1823586bd8f1d50e9271097666b929e12adf660c177dba81c128d60
      size: 419
  original:
    hackage: env-guard-0.2@sha256:bac94c42908e5308ca6726a076ce49538d50d6fb9a01e1b68b4ac264cb435d39,1312
- completed:
    hackage: text-display-0.0.5.1@sha256:da3515adb03b5c01d8e8f0ca81ac0cce4f3ae36f7b74e8566108220a1da670eb,2670
    pantry-tree:
      sha256: d4124c121bcdd6689235dc6cbb0f8df10fba894e7affcfdacf85704a869a453d
      size: 3362
  original:
    hackage: text-display-0.0.5.1@sha256:da3515adb03b5c01d8e8f0ca81ac0cce4f3ae36f7b74e8566108220a1da670eb,2670
- completed:
    commit: f4f799cea958fb2b2309d70f47a658dff2481441
    git: https://github.com/tbidne/algebra-simple.git
    name: algebra-simple
    pantry-tree:
      sha256: 67554022567badf32065955d28a973bfba8e561c9eb10e86479a3468ac59a476
      size: 3449
    version: '0.1'
  original:
    commit: f4f799cea958fb2b2309d70f47a658dff2481441
    git: https://github.com/tbidne/algebra-simple.git
- completed:
    commit: 50b07ca118ae140d065ec0285f38e72151da4cad
    git: https://github.com/tbidne/bounds.git
    name: bounds
    pantry-tree:
      sha256: d91c77cff3f11ad338f1aeb7cb1a40d11e7e33c5b3113e34e09c0ee2a32fa1ef
      size: 833
    version: '0.1'
  original:
    commit: 50b07ca118ae140d065ec0285f38e72151da4cad
    git: https://github.com/tbidne/bounds.git
- completed:
    commit: 6c3f405c6cecf6f2d6ed16f5a844470d3e3088b4
    git: https://github.com/tbidne/monad-effects.git
    name: effects-async
    pantry-tree:
      sha256: c9a7ca3b6e7f0cb094e62a6c8ba7a8857dea4c324456e3a65c1b542e8e974eb6
      size: 236
    subdir: lib/effects-async
    version: '0.1'
  original:
    commit: 6c3f405c6cecf6f2d6ed16f5a844470d3e3088b4
    git: https://github.com/tbidne/monad-effects.git
    subdir: lib/effects-async
- completed:
    commit: 6c3f405c6cecf6f2d6ed16f5a844470d3e3088b4
    git: https://github.com/tbidne/monad-effects.git
    name: effects-exceptions
    pantry-tree:
      sha256: 9430579f83c15249b6bcad0870ced846d619b979990285ab47a8140e1016fd97
      size: 293
    subdir: lib/effects-exceptions
    version: '0.1'
  original:
    commit: 6c3f405c6cecf6f2d6ed16f5a844470d3e3088b4
    git: https://github.com/tbidne/monad-effects.git
    subdir: lib/effects-exceptions
- completed:
    commit: 6c3f405c6cecf6f2d6ed16f5a844470d3e3088b4
    git: https://github.com/tbidne/monad-effects.git
    name: effects-env
    pantry-tree:
      sha256: 69ca790b7972b47e0229b27539d59d520c67a9731578316e909a2bb4ed346a62
      size: 235
    subdir: lib/effects-env
    version: '0.1'
  original:
    commit: 6c3f405c6cecf6f2d6ed16f5a844470d3e3088b4
    git: https://github.com/tbidne/monad-effects.git
    subdir: lib/effects-env
- completed:
    commit: 6c3f405c6cecf6f2d6ed16f5a844470d3e3088b4
    git: https://github.com/tbidne/monad-effects.git
    name: effects-fs
    pantry-tree:
      sha256: 0afd0876f0f16ce4cb7bd51036377077c620cb0f3cc6ae9a8cc8951c397e6dca
      size: 2120
    subdir: lib/effects-fs
    version: '0.1'
  original:
    commit: 6c3f405c6cecf6f2d6ed16f5a844470d3e3088b4
    git: https://github.com/tbidne/monad-effects.git
    subdir: lib/effects-fs
- completed:
    commit: 6c3f405c6cecf6f2d6ed16f5a844470d3e3088b4
    git: https://github.com/tbidne/monad-effects.git
    name: effects-ioref
    pantry-tree:
      sha256: 8ea529a23725216ae97e21c86bca8bf584293a31df795c23f73b047b0e3e5397
      size: 224
    subdir: lib/effects-ioref
    version: '0.1'
  original:
    commit: 6c3f405c6cecf6f2d6ed16f5a844470d3e3088b4
    git: https://github.com/tbidne/monad-effects.git
    subdir: lib/effects-ioref
- completed:
    commit: 6c3f405c6cecf6f2d6ed16f5a844470d3e3088b4
    git: https://github.com/tbidne/monad-effects.git
    name: effects-optparse
    pantry-tree:
      sha256: 9652706c117e36057e7435aeec334d5993c77b13beb28b28875e6d220b2770a9
      size: 230
    subdir: lib/effects-optparse
    version: '0.1'
  original:
    commit: 6c3f405c6cecf6f2d6ed16f5a844470d3e3088b4
    git: https://github.com/tbidne/monad-effects.git
    subdir: lib/effects-optparse
- completed:
    commit: 6c3f405c6cecf6f2d6ed16f5a844470d3e3088b4
    git: https://github.com/tbidne/monad-effects.git
    name: effects-stm
    pantry-tree:
      sha256: dbe0e0cac073656acce79cc65ee2c356efe9fd620b4079646298b79e94cf34e6
      size: 231
    subdir: lib/effects-stm
    version: '0.1'
  original:
    commit: 6c3f405c6cecf6f2d6ed16f5a844470d3e3088b4
    git: https://github.com/tbidne/monad-effects.git
    subdir: lib/effects-stm
- completed:
    commit: 6c3f405c6cecf6f2d6ed16f5a844470d3e3088b4
    git: https://github.com/tbidne/monad-effects.git
    name: effects-time
    pantry-tree:
      sha256: 3775033e604ea34ac30f8420d5b83761fdc9dc42f1cd5e11da6ce1ec204be14c
      size: 281
    subdir: lib/effects-time
    version: '0.1'
  original:
    commit: 6c3f405c6cecf6f2d6ed16f5a844470d3e3088b4
    git: https://github.com/tbidne/monad-effects.git
    subdir: lib/effects-time
- completed:
    commit: 6c3f405c6cecf6f2d6ed16f5a844470d3e3088b4
    git: https://github.com/tbidne/monad-effects.git
    name: effects-terminal
    pantry-tree:
      sha256: 058022188ddba82e11e35d6b1bea2eef96831f6726db2a55ac80b817b7ba571c
      size: 237
    subdir: lib/effects-terminal
    version: '0.1'
  original:
    commit: 6c3f405c6cecf6f2d6ed16f5a844470d3e3088b4
    git: https://github.com/tbidne/monad-effects.git
    subdir: lib/effects-terminal
- completed:
    commit: 6c3f405c6cecf6f2d6ed16f5a844470d3e3088b4
    git: https://github.com/tbidne/monad-effects.git
    name: effects-thread
    pantry-tree:
      sha256: fdae9b4cb348030a4b5c1c52033bcdabcf79a192aeab356244ee02ca6c83e546
      size: 237
    subdir: lib/effects-thread
    version: '0.1'
  original:
    commit: 6c3f405c6cecf6f2d6ed16f5a844470d3e3088b4
    git: https://github.com/tbidne/monad-effects.git
    subdir: lib/effects-thread
- completed:
    commit: 6c3f405c6cecf6f2d6ed16f5a844470d3e3088b4
    git: https://github.com/tbidne/monad-effects.git
    name: effects-typed-process
    pantry-tree:
      sha256: 254938dc015a4a3e4f68d6e1db32e7bb522182a6191955f8db4c6b04dedfa8f4
      size: 240
    subdir: lib/effects-typed-process
    version: '0.1'
  original:
    commit: 6c3f405c6cecf6f2d6ed16f5a844470d3e3088b4
    git: https://github.com/tbidne/monad-effects.git
    subdir: lib/effects-typed-process
- completed:
    commit: 6c3f405c6cecf6f2d6ed16f5a844470d3e3088b4
    git: https://github.com/tbidne/monad-effects.git
    name: effects-unix-compat
    pantry-tree:
      sha256: bf8b3b0caabd07eb7eb53c5c39787e52a639f74ca9b0893f53281c517f67a23a
      size: 367
    subdir: lib/effects-unix-compat
    version: '0.1'
  original:
    commit: 6c3f405c6cecf6f2d6ed16f5a844470d3e3088b4
    git: https://github.com/tbidne/monad-effects.git
    subdir: lib/effects-unix-compat
- completed:
    commit: 5f89851baf90c671fffa8d5118e0b37186220fef
    git: https://github.com/tbidne/relative-time.git
    name: relative-time
    pantry-tree:
      sha256: 8add1beb02916519157de78f70e806282c90443b4e10dbbb894db3b27536a40f
      size: 899
    version: '0.1'
  original:
    commit: 5f89851baf90c671fffa8d5118e0b37186220fef
    git: https://github.com/tbidne/relative-time.git
- completed:
    commit: bc73bff27b607be0e5b13c1d65e1da8b2ea29319
    git: https://github.com/tbidne/si-bytes.git
    name: si-bytes
    pantry-tree:
      sha256: da099d566e529594aa16f0f9f842c2be785b5bf40e1f1849c86b54a3839281ba
      size: 3108
    version: '0.1'
  original:
    commit: bc73bff27b607be0e5b13c1d65e1da8b2ea29319
    git: https://github.com/tbidne/si-bytes.git
- completed:
    commit: a722e1fee10aeba79aaf88ed774f1cafb19930f4
    git: https://github.com/tbidne/smart-math.git
    name: smart-math
    pantry-tree:
      sha256: 75d49249143b6e6b6ff6c15eb5daab7b06204c523ce7db07d136495ced95bb68
      size: 4652
    version: '0.1'
  original:
    commit: a722e1fee10aeba79aaf88ed774f1cafb19930f4
    git: https://github.com/tbidne/smart-math.git
snapshots:
- completed:
    sha256: 629fdd46125079fa6d355106005b2ab88bd39332169dd416fda06d5c0aaa63e2
    size: 713332
    url: https://raw.githubusercontent.com/commercialhaskell/stackage-snapshots/master/lts/22/17.yaml
  original: lts-22.17
