# This file was autogenerated by Stack.
# You should not edit this file by hand.
# For more information, please see the documentation at:
#   https://docs.haskellstack.org/en/stable/lock_files

packages:
- completed:
    pantry-tree:
      sha256: c8135d95be0df0ce63d0ee398af20e38f505153032b32c4ab0e8f0f615501d46
      size: 419
    hackage: env-guard-0.2@sha256:59410eed9b9ddbd115760a59c7170927320d8612e414701d323a0c8985c97523,1251
  original:
    hackage: env-guard-0.2@sha256:59410eed9b9ddbd115760a59c7170927320d8612e414701d323a0c8985c97523,1251
- completed:
    pantry-tree:
      sha256: dc4cabaa2626c20a70a3e8781e994110bbd9f2c55f35a1c658e1c2b0d2db87c1
      size: 5380
    hackage: optics-core-0.4.1@sha256:b163d1a8f392536c645cbd728c3e29d9f35864b25b1e3cef3a29806ee8a21c6b,5545
  original:
    hackage: optics-core-0.4.1@sha256:b163d1a8f392536c645cbd728c3e29d9f35864b25b1e3cef3a29806ee8a21c6b,5545
- completed:
    pantry-tree:
      sha256: dabab540c5a3c3bd752ac5e1adc4bf9ea83c8f13cc962af623001f989ffff12f
      size: 741
    hackage: optics-th-0.4.1@sha256:786f37412cb1ff62842277698fdc11efb3cf4e799011e341d9ef118a8100a860,3089
  original:
    hackage: optics-th-0.4.1@sha256:786f37412cb1ff62842277698fdc11efb3cf4e799011e341d9ef118a8100a860,3089
- completed:
    pantry-tree:
      sha256: 8e33ac2f8d2db754cf11d1439fa970dbf14c6756746426ba89f54a7183a9d2d7
      size: 981
    hackage: package-version-0.1.0.0@sha256:bb9fc93e905540aa8e1b32f80c2dc82756a4481c63779bd92e3796ed8085ab98,2854
  original:
    hackage: package-version-0.1.0.0@sha256:bb9fc93e905540aa8e1b32f80c2dc82756a4481c63779bd92e3796ed8085ab98,2854
- completed:
    pantry-tree:
      sha256: 2fd47d6f9374805075d176012d95d8ea28e643639b8d028f35f732618b5d1683
      size: 345
    hackage: strict-io-0.2.2@sha256:1cc96f9a123a919ff9ee479f740cbc9fa9edf7c8ac65334de3fdce07638949ed,1012
  original:
    hackage: strict-io-0.2.2@sha256:1cc96f9a123a919ff9ee479f740cbc9fa9edf7c8ac65334de3fdce07638949ed,1012
- completed:
    name: algebra-simple
    pantry-tree:
      sha256: 89428919fcac72e858065d24f38033929a99f4812dedb907749a89b1ca0911c7
      size: 4921
    commit: 12bf44cb4815cf6ee040636f86e10d04386a6e4c
    git: https://github.com/tbidne/algebra-simple.git
    version: '0.1'
  original:
    commit: 12bf44cb4815cf6ee040636f86e10d04386a6e4c
    git: https://github.com/tbidne/algebra-simple.git
- completed:
    name: relative-time
    pantry-tree:
      sha256: fe01c87511c3a888304af43aa24a192e964e038c2a9c51054ceb48006ea12f21
      size: 2232
    commit: 9a66dc08ef90c5c00fac987d7bddc5a46ebdbf8a
    git: https://github.com/tbidne/relative-time.git
    version: '0.1'
  original:
    commit: 9a66dc08ef90c5c00fac987d7bddc5a46ebdbf8a
    git: https://github.com/tbidne/relative-time.git
snapshots:
- completed:
    sha256: 428ec8d5ce932190d3cbe266b9eb3c175cd81e984babf876b64019e2cbe4ea68
    size: 590100
    url: https://raw.githubusercontent.com/commercialhaskell/stackage-snapshots/master/lts/18/28.yaml
  original: lts-18.28
